// !$*UTF8*$!
{
	archiveVersion = 1;
	classes = {
	};
	objectVersion = 46;
	objects = {

/* Begin PBXBuildFile section */
		D136EFD01EF223A600C6CFEF /* AppDelegate.swift in Sources */ = {isa = PBXBuildFile; fileRef = D136EFCF1EF223A600C6CFEF /* AppDelegate.swift */; };
		D136EFD21EF223A600C6CFEF /* ViewController.swift in Sources */ = {isa = PBXBuildFile; fileRef = D136EFD11EF223A600C6CFEF /* ViewController.swift */; };
		D136EFD51EF223A600C6CFEF /* Main.storyboard in Resources */ = {isa = PBXBuildFile; fileRef = D136EFD31EF223A600C6CFEF /* Main.storyboard */; };
		D136EFD81EF223A600C6CFEF /* PenPals.xcdatamodeld in Sources */ = {isa = PBXBuildFile; fileRef = D136EFD61EF223A600C6CFEF /* PenPals.xcdatamodeld */; };
		D136EFDA1EF223A600C6CFEF /* Assets.xcassets in Resources */ = {isa = PBXBuildFile; fileRef = D136EFD91EF223A600C6CFEF /* Assets.xcassets */; };
		D136EFDD1EF223A600C6CFEF /* LaunchScreen.storyboard in Resources */ = {isa = PBXBuildFile; fileRef = D136EFDB1EF223A600C6CFEF /* LaunchScreen.storyboard */; };
/* End PBXBuildFile section */

/* Begin PBXFileReference section */
		D136EFCC1EF223A600C6CFEF /* PenPals.app */ = {isa = PBXFileReference; explicitFileType = wrapper.application; includeInIndex = 0; path = PenPals.app; sourceTree = BUILT_PRODUCTS_DIR; };
		D136EFCF1EF223A600C6CFEF /* AppDelegate.swift */ = {isa = PBXFileReference; lastKnownFileType = sourcecode.swift; path = AppDelegate.swift; sourceTree = "<group>"; };
		D136EFD11EF223A600C6CFEF /* ViewController.swift */ = {isa = PBXFileReference; lastKnownFileType = sourcecode.swift; path = ViewController.swift; sourceTree = "<group>"; };
		D136EFD41EF223A600C6CFEF /* Base */ = {isa = PBXFileReference; lastKnownFileType = file.storyboard; name = Base; path = Base.lproj/Main.storyboard; sourceTree = "<group>"; };
		D136EFD71EF223A600C6CFEF /* PenPals.xcdatamodel */ = {isa = PBXFileReference; lastKnownFileType = wrapper.xcdatamodel; path = PenPals.xcdatamodel; sourceTree = "<group>"; };
		D136EFD91EF223A600C6CFEF /* Assets.xcassets */ = {isa = PBXFileReference; lastKnownFileType = folder.assetcatalog; path = Assets.xcassets; sourceTree = "<group>"; };
		D136EFDC1EF223A600C6CFEF /* Base */ = {isa = PBXFileReference; lastKnownFileType = file.storyboard; name = Base; path = Base.lproj/LaunchScreen.storyboard; sourceTree = "<group>"; };
		D136EFDE1EF223A600C6CFEF /* Info.plist */ = {isa = PBXFileReference; lastKnownFileType = text.plist.xml; path = Info.plist; sourceTree = "<group>"; };
/* End PBXFileReference section */

/* Begin PBXFrameworksBuildPhase section */
		D136EFC91EF223A600C6CFEF /* Frameworks */ = {
			isa = PBXFrameworksBuildPhase;
			buildActionMask = 2147483647;
			files = (
			);
			runOnlyForDeploymentPostprocessing = 0;
		};
/* End PBXFrameworksBuildPhase section */

/* Begin PBXGroup section */
		D136EFC31EF223A600C6CFEF = {
			isa = PBXGroup;
			children = (
				D136EFCE1EF223A600C6CFEF /* PenPals */,
				D136EFCD1EF223A600C6CFEF /* Products */,
			);
			sourceTree = "<group>";
		};
		D136EFCD1EF223A600C6CFEF /* Products */ = {
			isa = PBXGroup;
			children = (
				D136EFCC1EF223A600C6CFEF /* PenPals.app */,
			);
			name = Products;
			sourceTree = "<group>";
		};
		D136EFCE1EF223A600C6CFEF /* PenPals */ = {
			isa = PBXGroup;
			children = (
				D136EFCF1EF223A600C6CFEF /* AppDelegate.swift */,
				D136EFD11EF223A600C6CFEF /* ViewController.swift */,
				D136EFD31EF223A600C6CFEF /* Main.storyboard */,
				D136EFD91EF223A600C6CFEF /* Assets.xcassets */,
				D136EFDB1EF223A600C6CFEF /* LaunchScreen.storyboard */,
				D136EFDE1EF223A600C6CFEF /* Info.plist */,
				D136EFD61EF223A600C6CFEF /* PenPals.xcdatamodeld */,
			);
			path = PenPals;
			sourceTree = "<group>";
		};
/* End PBXGroup section */

/* Begin PBXNativeTarget section */
		D136EFCB1EF223A600C6CFEF /* PenPals */ = {
			isa = PBXNativeTarget;
			buildConfigurationList = D136EFE11EF223A600C6CFEF /* Build configuration list for PBXNativeTarget "PenPals" */;
			buildPhases = (
				D136EFC81EF223A600C6CFEF /* Sources */,
				D136EFC91EF223A600C6CFEF /* Frameworks */,
				D136EFCA1EF223A600C6CFEF /* Resources */,
			);
			buildRules = (
			);
			dependencies = (
			);
			name = PenPals;
			productName = PenPals;
			productReference = D136EFCC1EF223A600C6CFEF /* PenPals.app */;
			productType = "com.apple.product-type.application";
		};
/* End PBXNativeTarget section */

/* Begin PBXProject section */
		D136EFC41EF223A600C6CFEF /* Project object */ = {
			isa = PBXProject;
			attributes = {
				LastSwiftUpdateCheck = 0830;
				LastUpgradeCheck = 0830;
				ORGANIZATIONNAME = "Aidan Gadberry";
				TargetAttributes = {
					D136EFCB1EF223A600C6CFEF = {
						CreatedOnToolsVersion = 8.3.3;
						ProvisioningStyle = Automatic;
					};
				};
			};
			buildConfigurationList = D136EFC71EF223A600C6CFEF /* Build configuration list for PBXProject "PenPals" */;
			compatibilityVersion = "Xcode 3.2";
			developmentRegion = English;
			hasScannedForEncodings = 0;
			knownRegions = (
				en,
				Base,
			);
			mainGroup = D136EFC31EF223A600C6CFEF;
			productRefGroup = D136EFCD1EF223A600C6CFEF /* Products */;
			projectDirPath = "";
			projectRoot = "";
			targets = (
				D136EFCB1EF223A600C6CFEF /* PenPals */,
			);
		};
/* End PBXProject section */

/* Begin PBXResourcesBuildPhase section */
		D136EFCA1EF223A600C6CFEF /* Resources */ = {
			isa = PBXResourcesBuildPhase;
			buildActionMask = 2147483647;
			files = (
				D136EFDD1EF223A600C6CFEF /* LaunchScreen.storyboard in Resources */,
				D136EFDA1EF223A600C6CFEF /* Assets.xcassets in Resources */,
				D136EFD51EF223A600C6CFEF /* Main.storyboard in Resources */,
			);
			runOnlyForDeploymentPostprocessing = 0;
		};
/* End PBXResourcesBuildPhase section */

/* Begin PBXSourcesBuildPhase section */
		D136EFC81EF223A600C6CFEF /* Sources */ = {
			isa = PBXSourcesBuildPhase;
			buildActionMask = 2147483647;
			files = (
				D136EFD21EF223A600C6CFEF /* ViewController.swift in Sources */,
				D136EFD81EF223A600C6CFEF /* PenPals.xcdatamodeld in Sources */,
				D136EFD01EF223A600C6CFEF /* AppDelegate.swift in Sources */,
			);
			runOnlyForDeploymentPostprocessing = 0;
		};
/* End PBXSourcesBuildPhase section */

/* Begin PBXVariantGroup section */
		D136EFD31EF223A600C6CFEF /* Main.storyboard */ = {
			isa = PBXVariantGroup;
			children = (
				D136EFD41EF223A600C6CFEF /* Base */,
			);
			name = Main.storyboard;
			sourceTree = "<group>";
		};
		D136EFDB1EF223A600C6CFEF /* LaunchScreen.storyboard */ = {
			isa = PBXVariantGroup;
			children = (
				D136EFDC1EF223A600C6CFEF /* Base */,
			);
			name = LaunchScreen.storyboard;
			sourceTree = "<group>";
		};
/* End PBXVariantGroup section */

/* Begin XCBuildConfiguration section */
		D136EFDF1EF223A600C6CFEF /* Debug */ = {
			isa = XCBuildConfiguration;
			buildSettings = {
				ALWAYS_SEARCH_USER_PATHS = NO;
				CLANG_ANALYZER_NONNULL = YES;
				CLANG_ANALYZER_NUMBER_OBJECT_CONVERSION = YES_AGGRESSIVE;
				CLANG_CXX_LANGUAGE_STANDARD = "gnu++0x";
				CLANG_CXX_LIBRARY = "libc++";
				CLANG_ENABLE_MODULES = YES;
				CLANG_ENABLE_OBJC_ARC = YES;
				CLANG_WARN_BOOL_CONVERSION = YES;
				CLANG_WARN_CONSTANT_CONVERSION = YES;
				CLANG_WARN_DIRECT_OBJC_ISA_USAGE = YES_ERROR;
				CLANG_WARN_DOCUMENTATION_COMMENTS = YES;
				CLANG_WARN_EMPTY_BODY = YES;
				CLANG_WARN_ENUM_CONVERSION = YES;
				CLANG_WARN_INFINITE_RECURSION = YES;
				CLANG_WARN_INT_CONVERSION = YES;
				CLANG_WARN_OBJC_ROOT_CLASS = YES_ERROR;
				CLANG_WARN_SUSPICIOUS_MOVE = YES;
				CLANG_WARN_UNREACHABLE_CODE = YES;
				CLANG_WARN__DUPLICATE_METHOD_MATCH = YES;
				"CODE_SIGN_IDENTITY[sdk=iphoneos*]" = "iPhone Developer";
				COPY_PHASE_STRIP = NO;
				DEBUG_INFORMATION_FORMAT = dwarf;
				ENABLE_STRICT_OBJC_MSGSEND = YES;
				ENABLE_TESTABILITY = YES;
				GCC_C_LANGUAGE_STANDARD = gnu99;
				GCC_DYNAMIC_NO_PIC = NO;
				GCC_NO_COMMON_BLOCKS = YES;
				GCC_OPTIMIZATION_LEVEL = 0;
				GCC_PREPROCESSOR_DEFINITIONS = (
					"DEBUG=1",
					"$(inherited)",
				);
				GCC_WARN_64_TO_32_BIT_CONVERSION = YES;
				GCC_WARN_ABOUT_RETURN_TYPE = YES_ERROR;
				GCC_WARN_UNDECLARED_SELECTOR = YES;
				GCC_WARN_UNINITIALIZED_AUTOS = YES_AGGRESSIVE;
				GCC_WARN_UNUSED_FUNCTION = YES;
				GCC_WARN_UNUSED_VARIABLE = YES;
				IPHONEOS_DEPLOYMENT_TARGET = 10.3;
				MTL_ENABLE_DEBUG_INFO = YES;
				ONLY_ACTIVE_ARCH = YES;
				SDKROOT = iphoneos;
				SWIFT_ACTIVE_COMPILATION_CONDITIONS = DEBUG;
				SWIFT_OPTIMIZATION_LEVEL = "-Onone";
				TARGETED_DEVICE_FAMILY = "1,2";
			};
			name = Debug;
		};
		D136EFE01EF223A600C6CFEF /* Release */ = {
			isa = XCBuildConfiguration;
			buildSettings = {
				ALWAYS_SEARCH_USER_PATHS = NO;
				CLANG_ANALYZER_NONNULL = YES;
				CLANG_ANALYZER_NUMBER_OBJECT_CONVERSION = YES_AGGRESSIVE;
				CLANG_CXX_LANGUAGE_STANDARD = "gnu++0x";
				CLANG_CXX_LIBRARY = "libc++";
				CLANG_ENABLE_MODULES = YES;
				CLANG_ENABLE_OBJC_ARC = YES;
				CLANG_WARN_BOOL_CONVERSION = YES;
				CLANG_WARN_CONSTANT_CONVERSION = YES;
				CLANG_WARN_DIRECT_OBJC_ISA_USAGE = YES_ERROR;
				CLANG_WARN_DOCUMENTATION_COMMENTS = YES;
				CLANG_WARN_EMPTY_BODY = YES;
				CLANG_WARN_ENUM_CONVERSION = YES;
				CLANG_WARN_INFINITE_RECURSION = YES;
				CLANG_WARN_INT_CONVERSION = YES;
				CLANG_WARN_OBJC_ROOT_CLASS = YES_ERROR;
				CLANG_WARN_SUSPICIOUS_MOVE = YES;
				CLANG_WARN_UNREACHABLE_CODE = YES;
				CLANG_WARN__DUPLICATE_METHOD_MATCH = YES;
				"CODE_SIGN_IDENTITY[sdk=iphoneos*]" = "iPhone Developer";
				COPY_PHASE_STRIP = NO;
				DEBUG_INFORMATION_FORMAT = "dwarf-with-dsym";
				ENABLE_NS_ASSERTIONS = NO;
				ENABLE_STRICT_OBJC_MSGSEND = YES;
				GCC_C_LANGUAGE_STANDARD = gnu99;
				GCC_NO_COMMON_BLOCKS = YES;
				GCC_WARN_64_TO_32_BIT_CONVERSION = YES;
				GCC_WARN_ABOUT_RETURN_TYPE = YES_ERROR;
				GCC_WARN_UNDECLARED_SELECTOR = YES;
				GCC_WARN_UNINITIALIZED_AUTOS = YES_AGGRESSIVE;
				GCC_WARN_UNUSED_FUNCTION = YES;
				GCC_WARN_UNUSED_VARIABLE = YES;
				IPHONEOS_DEPLOYMENT_TARGET = 10.3;
				MTL_ENABLE_DEBUG_INFO = NO;
				SDKROOT = iphoneos;
				SWIFT_OPTIMIZATION_LEVEL = "-Owholemodule";
				TARGETED_DEVICE_FAMILY = "1,2";
				VALIDATE_PRODUCT = YES;
			};
			name = Release;
		};
		D136EFE21EF223A600C6CFEF /* Debug */ = {
			isa = XCBuildConfiguration;
			buildSettings = {
				ASSETCATALOG_COMPILER_APPICON_NAME = AppIcon;
				INFOPLIST_FILE = PenPals/Info.plist;
				LD_RUNPATH_SEARCH_PATHS = "$(inherited) @executable_path/Frameworks";
				PRODUCT_BUNDLE_IDENTIFIER = com.agadberr.PenPals;
				PRODUCT_NAME = "$(TARGET_NAME)";
				SWIFT_VERSION = 3.0;
			};
			name = Debug;
		};
		D136EFE31EF223A600C6CFEF /* Release */ = {
			isa = XCBuildConfiguration;
			buildSettings = {
				ASSETCATALOG_COMPILER_APPICON_NAME = AppIcon;
				INFOPLIST_FILE = PenPals/Info.plist;
				LD_RUNPATH_SEARCH_PATHS = "$(inherited) @executable_path/Frameworks";
				PRODUCT_BUNDLE_IDENTIFIER = com.agadberr.PenPals;
				PRODUCT_NAME = "$(TARGET_NAME)";
				SWIFT_VERSION = 3.0;
			};
			name = Release;
		};
/* End XCBuildConfiguration section */

/* Begin XCConfigurationList section */
		D136EFC71EF223A600C6CFEF /* Build configuration list for PBXProject "PenPals" */ = {
			isa = XCConfigurationList;
			buildConfigurations = (
				D136EFDF1EF223A600C6CFEF /* Debug */,
				D136EFE01EF223A600C6CFEF /* Release */,
			);
			defaultConfigurationIsVisible = 0;
			defaultConfigurationName = Release;
		};
		D136EFE11EF223A600C6CFEF /* Build configuration list for PBXNativeTarget "PenPals" */ = {
			isa = XCConfigurationList;
			buildConfigurations = (
				D136EFE21EF223A600C6CFEF /* Debug */,
				D136EFE31EF223A600C6CFEF /* Release */,
			);
			defaultConfigurationIsVisible = 0;
		};
/* End XCConfigurationList section */

/* Begin XCVersionGroup section */
		D136EFD61EF223A600C6CFEF /* PenPals.xcdatamodeld */ = {
			isa = XCVersionGroup;
			children = (
				D136EFD71EF223A600C6CFEF /* PenPals.xcdatamodel */,
			);
			currentVersion = D136EFD71EF223A600C6CFEF /* PenPals.xcdatamodel */;
			path = PenPals.xcdatamodeld;
			sourceTree = "<group>";
			versionGroupType = wrapper.xcdatamodel;
		};
/* End XCVersionGroup section */
	};
	rootObject = D136EFC41EF223A600C6CFEF /* Project object */;
}
